// !$*UTF8*$!
{
	archiveVersion = 1;
	classes = {
	};
	objectVersion = 56;
	objects = {

/* Begin PBXBuildFile section */
		E000DB552AFECB48005EE1A4 /* ContentViewModel.swift in Sources */ = {isa = PBXBuildFile; fileRef = E000DB542AFECB48005EE1A4 /* ContentViewModel.swift */; };
		E000DB572AFED174005EE1A4 /* LoginViewModel.swift in Sources */ = {isa = PBXBuildFile; fileRef = E000DB562AFED174005EE1A4 /* LoginViewModel.swift */; };
		E000DB592AFEDD9F005EE1A4 /* User.swift in Sources */ = {isa = PBXBuildFile; fileRef = E000DB582AFEDD9F005EE1A4 /* User.swift */; };
		E000DB5B2AFEE089005EE1A4 /* UserService.swift in Sources */ = {isa = PBXBuildFile; fileRef = E000DB5A2AFEE089005EE1A4 /* UserService.swift */; };
		E000DB5E2AFEE196005EE1A4 /* CurrentUserProfileViewModel.swift in Sources */ = {isa = PBXBuildFile; fileRef = E000DB5D2AFEE196005EE1A4 /* CurrentUserProfileViewModel.swift */; };
		E000DB7F2B01305B005EE1A4 /* ExploreViewModel.swift in Sources */ = {isa = PBXBuildFile; fileRef = E000DB7E2B01305B005EE1A4 /* ExploreViewModel.swift */; };
		E000DB812B013282005EE1A4 /* PreviewProvider.swift in Sources */ = {isa = PBXBuildFile; fileRef = E000DB802B013282005EE1A4 /* PreviewProvider.swift */; };
		E030D05C2B0808EE0080442F /* ProfileHeaderView.swift in Sources */ = {isa = PBXBuildFile; fileRef = E030D05B2B0808EE0080442F /* ProfileHeaderView.swift */; };
		E030D05E2B080B9F0080442F /* UserContentListView.swift in Sources */ = {isa = PBXBuildFile; fileRef = E030D05D2B080B9F0080442F /* UserContentListView.swift */; };
		E06CFB3F2AFC441600938E4F /* GoogleService-Info.plist in Resources */ = {isa = PBXBuildFile; fileRef = E06CFB3E2AFC441600938E4F /* GoogleService-Info.plist */; };
		E06CFB422AFC44AF00938E4F /* FirebaseAuth in Frameworks */ = {isa = PBXBuildFile; productRef = E06CFB412AFC44AF00938E4F /* FirebaseAuth */; };
		E06CFB442AFC44AF00938E4F /* FirebaseFirestore in Frameworks */ = {isa = PBXBuildFile; productRef = E06CFB432AFC44AF00938E4F /* FirebaseFirestore */; };
		E06CFB462AFC44AF00938E4F /* FirebaseFirestoreSwift in Frameworks */ = {isa = PBXBuildFile; productRef = E06CFB452AFC44AF00938E4F /* FirebaseFirestoreSwift */; };
		E06CFB482AFC44AF00938E4F /* FirebaseStorage in Frameworks */ = {isa = PBXBuildFile; productRef = E06CFB472AFC44AF00938E4F /* FirebaseStorage */; };
		E06CFB4C2AFC518600938E4F /* RegistrationViewModel.swift in Sources */ = {isa = PBXBuildFile; fileRef = E06CFB4B2AFC518600938E4F /* RegistrationViewModel.swift */; };
		E06CFB4E2AFC523E00938E4F /* AuthService.swift in Sources */ = {isa = PBXBuildFile; fileRef = E06CFB4D2AFC523E00938E4F /* AuthService.swift */; };
		E0CBAAC32B090CC100F1CE84 /* EditProfileViewModel.swift in Sources */ = {isa = PBXBuildFile; fileRef = E0CBAAC22B090CC100F1CE84 /* EditProfileViewModel.swift */; };
		E0CBAAC52B09113500F1CE84 /* ImageUploader.swift in Sources */ = {isa = PBXBuildFile; fileRef = E0CBAAC42B09113500F1CE84 /* ImageUploader.swift */; };
		E0CCDCCD2AF6DFA500203109 /* ThreadsterApp.swift in Sources */ = {isa = PBXBuildFile; fileRef = E0CCDCCC2AF6DFA500203109 /* ThreadsterApp.swift */; };
		E0CCDCCF2AF6DFA500203109 /* ContentView.swift in Sources */ = {isa = PBXBuildFile; fileRef = E0CCDCCE2AF6DFA500203109 /* ContentView.swift */; };
		E0CCDCD12AF6DFA600203109 /* Assets.xcassets in Resources */ = {isa = PBXBuildFile; fileRef = E0CCDCD02AF6DFA600203109 /* Assets.xcassets */; };
		E0CCDCD42AF6DFA600203109 /* Preview Assets.xcassets in Resources */ = {isa = PBXBuildFile; fileRef = E0CCDCD32AF6DFA600203109 /* Preview Assets.xcassets */; };
		E0CCDCEC2AF6E2C700203109 /* LoginView.swift in Sources */ = {isa = PBXBuildFile; fileRef = E0CCDCEB2AF6E2C700203109 /* LoginView.swift */; };
		E0CCDCEE2AF6E3DD00203109 /* RegistrationView.swift in Sources */ = {isa = PBXBuildFile; fileRef = E0CCDCED2AF6E3DD00203109 /* RegistrationView.swift */; };
		E0CCDCF12AF6E5A000203109 /* ThreadsterTextFieldModifier.swift in Sources */ = {isa = PBXBuildFile; fileRef = E0CCDCF02AF6E5A000203109 /* ThreadsterTextFieldModifier.swift */; };
		E0CCDCF32AF6E8BE00203109 /* ThreadsterButtonModifier.swift in Sources */ = {isa = PBXBuildFile; fileRef = E0CCDCF22AF6E8BE00203109 /* ThreadsterButtonModifier.swift */; };
		E0CCDCF62AF841C900203109 /* ThreadsterTabView.swift in Sources */ = {isa = PBXBuildFile; fileRef = E0CCDCF52AF841C900203109 /* ThreadsterTabView.swift */; };
		E0CCDCFA2AF843DC00203109 /* FeedView.swift in Sources */ = {isa = PBXBuildFile; fileRef = E0CCDCF92AF843DC00203109 /* FeedView.swift */; };
		E0CCDCFE2AF8456E00203109 /* ExploreView.swift in Sources */ = {isa = PBXBuildFile; fileRef = E0CCDCFD2AF8456E00203109 /* ExploreView.swift */; };
		E0CCDD022AF8458F00203109 /* UpdloadThreadView.swift in Sources */ = {isa = PBXBuildFile; fileRef = E0CCDD012AF8458F00203109 /* UpdloadThreadView.swift */; };
		E0CCDD062AF8465400203109 /* ActivityView.swift in Sources */ = {isa = PBXBuildFile; fileRef = E0CCDD052AF8465400203109 /* ActivityView.swift */; };
		E0CCDD0A2AF8468F00203109 /* ProfileView.swift in Sources */ = {isa = PBXBuildFile; fileRef = E0CCDD092AF8468F00203109 /* ProfileView.swift */; };
		E0CCDD0C2AF85C9A00203109 /* ThreadCell.swift in Sources */ = {isa = PBXBuildFile; fileRef = E0CCDD0B2AF85C9A00203109 /* ThreadCell.swift */; };
		E0CCDD0F2AF9124C00203109 /* CircularImageProfileView.swift in Sources */ = {isa = PBXBuildFile; fileRef = E0CCDD0E2AF9124C00203109 /* CircularImageProfileView.swift */; };
		E0CCDD112AF9130D00203109 /* UserCellView.swift in Sources */ = {isa = PBXBuildFile; fileRef = E0CCDD102AF9130D00203109 /* UserCellView.swift */; };
		E0CCDD152AF91D7200203109 /* EditProfileView.swift in Sources */ = {isa = PBXBuildFile; fileRef = E0CCDD142AF91D7200203109 /* EditProfileView.swift */; };
		E0CCDD182AF93F8D00203109 /* ProfileThreadFilter.swift in Sources */ = {isa = PBXBuildFile; fileRef = E0CCDD172AF93F8D00203109 /* ProfileThreadFilter.swift */; };
		E0EFEFAA2B04FC720049B491 /* CurrentUserProfileView.swift in Sources */ = {isa = PBXBuildFile; fileRef = E0EFEFA92B04FC720049B491 /* CurrentUserProfileView.swift */; };
/* End PBXBuildFile section */

/* Begin PBXFileReference section */
		E000DB542AFECB48005EE1A4 /* ContentViewModel.swift */ = {isa = PBXFileReference; lastKnownFileType = sourcecode.swift; path = ContentViewModel.swift; sourceTree = "<group>"; };
		E000DB562AFED174005EE1A4 /* LoginViewModel.swift */ = {isa = PBXFileReference; lastKnownFileType = sourcecode.swift; path = LoginViewModel.swift; sourceTree = "<group>"; };
		E000DB582AFEDD9F005EE1A4 /* User.swift */ = {isa = PBXFileReference; lastKnownFileType = sourcecode.swift; path = User.swift; sourceTree = "<group>"; };
		E000DB5A2AFEE089005EE1A4 /* UserService.swift */ = {isa = PBXFileReference; lastKnownFileType = sourcecode.swift; path = UserService.swift; sourceTree = "<group>"; };
		E000DB5D2AFEE196005EE1A4 /* CurrentUserProfileViewModel.swift */ = {isa = PBXFileReference; lastKnownFileType = sourcecode.swift; path = CurrentUserProfileViewModel.swift; sourceTree = "<group>"; };
		E000DB7E2B01305B005EE1A4 /* ExploreViewModel.swift */ = {isa = PBXFileReference; lastKnownFileType = sourcecode.swift; path = ExploreViewModel.swift; sourceTree = "<group>"; };
		E000DB802B013282005EE1A4 /* PreviewProvider.swift */ = {isa = PBXFileReference; lastKnownFileType = sourcecode.swift; path = PreviewProvider.swift; sourceTree = "<group>"; };
		E030D05B2B0808EE0080442F /* ProfileHeaderView.swift */ = {isa = PBXFileReference; lastKnownFileType = sourcecode.swift; path = ProfileHeaderView.swift; sourceTree = "<group>"; };
		E030D05D2B080B9F0080442F /* UserContentListView.swift */ = {isa = PBXFileReference; lastKnownFileType = sourcecode.swift; path = UserContentListView.swift; sourceTree = "<group>"; };
		E06CFB3E2AFC441600938E4F /* GoogleService-Info.plist */ = {isa = PBXFileReference; fileEncoding = 4; lastKnownFileType = text.plist.xml; path = "GoogleService-Info.plist"; sourceTree = "<group>"; };
		E06CFB4B2AFC518600938E4F /* RegistrationViewModel.swift */ = {isa = PBXFileReference; lastKnownFileType = sourcecode.swift; path = RegistrationViewModel.swift; sourceTree = "<group>"; };
		E06CFB4D2AFC523E00938E4F /* AuthService.swift */ = {isa = PBXFileReference; lastKnownFileType = sourcecode.swift; path = AuthService.swift; sourceTree = "<group>"; };
		E0CBAAC22B090CC100F1CE84 /* EditProfileViewModel.swift */ = {isa = PBXFileReference; lastKnownFileType = sourcecode.swift; path = EditProfileViewModel.swift; sourceTree = "<group>"; };
		E0CBAAC42B09113500F1CE84 /* ImageUploader.swift */ = {isa = PBXFileReference; lastKnownFileType = sourcecode.swift; path = ImageUploader.swift; sourceTree = "<group>"; };
		E0CCDCC92AF6DFA500203109 /* Threadster.app */ = {isa = PBXFileReference; explicitFileType = wrapper.application; includeInIndex = 0; path = Threadster.app; sourceTree = BUILT_PRODUCTS_DIR; };
		E0CCDCCC2AF6DFA500203109 /* ThreadsterApp.swift */ = {isa = PBXFileReference; lastKnownFileType = sourcecode.swift; path = ThreadsterApp.swift; sourceTree = "<group>"; };
		E0CCDCCE2AF6DFA500203109 /* ContentView.swift */ = {isa = PBXFileReference; lastKnownFileType = sourcecode.swift; path = ContentView.swift; sourceTree = "<group>"; };
		E0CCDCD02AF6DFA600203109 /* Assets.xcassets */ = {isa = PBXFileReference; lastKnownFileType = folder.assetcatalog; path = Assets.xcassets; sourceTree = "<group>"; };
		E0CCDCD32AF6DFA600203109 /* Preview Assets.xcassets */ = {isa = PBXFileReference; lastKnownFileType = folder.assetcatalog; path = "Preview Assets.xcassets"; sourceTree = "<group>"; };
		E0CCDCEB2AF6E2C700203109 /* LoginView.swift */ = {isa = PBXFileReference; lastKnownFileType = sourcecode.swift; path = LoginView.swift; sourceTree = "<group>"; };
		E0CCDCED2AF6E3DD00203109 /* RegistrationView.swift */ = {isa = PBXFileReference; lastKnownFileType = sourcecode.swift; path = RegistrationView.swift; sourceTree = "<group>"; };
		E0CCDCF02AF6E5A000203109 /* ThreadsterTextFieldModifier.swift */ = {isa = PBXFileReference; lastKnownFileType = sourcecode.swift; path = ThreadsterTextFieldModifier.swift; sourceTree = "<group>"; };
		E0CCDCF22AF6E8BE00203109 /* ThreadsterButtonModifier.swift */ = {isa = PBXFileReference; lastKnownFileType = sourcecode.swift; path = ThreadsterButtonModifier.swift; sourceTree = "<group>"; };
		E0CCDCF52AF841C900203109 /* ThreadsterTabView.swift */ = {isa = PBXFileReference; lastKnownFileType = sourcecode.swift; path = ThreadsterTabView.swift; sourceTree = "<group>"; };
		E0CCDCF92AF843DC00203109 /* FeedView.swift */ = {isa = PBXFileReference; lastKnownFileType = sourcecode.swift; path = FeedView.swift; sourceTree = "<group>"; };
		E0CCDCFD2AF8456E00203109 /* ExploreView.swift */ = {isa = PBXFileReference; lastKnownFileType = sourcecode.swift; path = ExploreView.swift; sourceTree = "<group>"; };
		E0CCDD012AF8458F00203109 /* UpdloadThreadView.swift */ = {isa = PBXFileReference; lastKnownFileType = sourcecode.swift; path = UpdloadThreadView.swift; sourceTree = "<group>"; };
		E0CCDD052AF8465400203109 /* ActivityView.swift */ = {isa = PBXFileReference; lastKnownFileType = sourcecode.swift; path = ActivityView.swift; sourceTree = "<group>"; };
		E0CCDD092AF8468F00203109 /* ProfileView.swift */ = {isa = PBXFileReference; lastKnownFileType = sourcecode.swift; path = ProfileView.swift; sourceTree = "<group>"; };
		E0CCDD0B2AF85C9A00203109 /* ThreadCell.swift */ = {isa = PBXFileReference; lastKnownFileType = sourcecode.swift; path = ThreadCell.swift; sourceTree = "<group>"; };
		E0CCDD0E2AF9124C00203109 /* CircularImageProfileView.swift */ = {isa = PBXFileReference; lastKnownFileType = sourcecode.swift; path = CircularImageProfileView.swift; sourceTree = "<group>"; };
		E0CCDD102AF9130D00203109 /* UserCellView.swift */ = {isa = PBXFileReference; lastKnownFileType = sourcecode.swift; path = UserCellView.swift; sourceTree = "<group>"; };
		E0CCDD142AF91D7200203109 /* EditProfileView.swift */ = {isa = PBXFileReference; lastKnownFileType = sourcecode.swift; path = EditProfileView.swift; sourceTree = "<group>"; };
		E0CCDD172AF93F8D00203109 /* ProfileThreadFilter.swift */ = {isa = PBXFileReference; lastKnownFileType = sourcecode.swift; path = ProfileThreadFilter.swift; sourceTree = "<group>"; };
		E0EFEFA92B04FC720049B491 /* CurrentUserProfileView.swift */ = {isa = PBXFileReference; lastKnownFileType = sourcecode.swift; path = CurrentUserProfileView.swift; sourceTree = "<group>"; };
/* End PBXFileReference section */

/* Begin PBXFrameworksBuildPhase section */
		E0CCDCC62AF6DFA500203109 /* Frameworks */ = {
			isa = PBXFrameworksBuildPhase;
			buildActionMask = 2147483647;
			files = (
				E06CFB422AFC44AF00938E4F /* FirebaseAuth in Frameworks */,
				E06CFB482AFC44AF00938E4F /* FirebaseStorage in Frameworks */,
				E06CFB442AFC44AF00938E4F /* FirebaseFirestore in Frameworks */,
				E06CFB462AFC44AF00938E4F /* FirebaseFirestoreSwift in Frameworks */,
			);
			runOnlyForDeploymentPostprocessing = 0;
		};
/* End PBXFrameworksBuildPhase section */

/* Begin PBXGroup section */
		E000DB522AFECB1C005EE1A4 /* View */ = {
			isa = PBXGroup;
			children = (
				E0CCDCCE2AF6DFA500203109 /* ContentView.swift */,
			);
			path = View;
			sourceTree = "<group>";
		};
		E000DB532AFECB20005EE1A4 /* ViewModel */ = {
			isa = PBXGroup;
			children = (
				E000DB542AFECB48005EE1A4 /* ContentViewModel.swift */,
			);
			path = ViewModel;
			sourceTree = "<group>";
		};
		E000DB7D2B01304A005EE1A4 /* ViewModel */ = {
			isa = PBXGroup;
			children = (
				E000DB7E2B01305B005EE1A4 /* ExploreViewModel.swift */,
			);
			path = ViewModel;
			sourceTree = "<group>";
		};
		E030D05A2B0808DF0080442F /* Components */ = {
			isa = PBXGroup;
			children = (
				E030D05B2B0808EE0080442F /* ProfileHeaderView.swift */,
				E030D05D2B080B9F0080442F /* UserContentListView.swift */,
			);
			path = Components;
			sourceTree = "<group>";
		};
		E06CFB492AFC517000938E4F /* ViewModels */ = {
			isa = PBXGroup;
			children = (
				E000DB562AFED174005EE1A4 /* LoginViewModel.swift */,
				E06CFB4B2AFC518600938E4F /* RegistrationViewModel.swift */,
			);
			path = ViewModels;
			sourceTree = "<group>";
		};
		E06CFB4A2AFC517600938E4F /* Service */ = {
			isa = PBXGroup;
			children = (
				E06CFB4D2AFC523E00938E4F /* AuthService.swift */,
			);
			path = Service;
			sourceTree = "<group>";
		};
		E0CBAAC12B090C9B00F1CE84 /* ViewModel */ = {
			isa = PBXGroup;
			children = (
				E0CBAAC22B090CC100F1CE84 /* EditProfileViewModel.swift */,
			);
			path = ViewModel;
			sourceTree = "<group>";
		};
		E0CCDCC02AF6DFA500203109 = {
			isa = PBXGroup;
			children = (
				E0CCDCCB2AF6DFA500203109 /* Threadster */,
				E0CCDCCA2AF6DFA500203109 /* Products */,
			);
			sourceTree = "<group>";
		};
		E0CCDCCA2AF6DFA500203109 /* Products */ = {
			isa = PBXGroup;
			children = (
				E0CCDCC92AF6DFA500203109 /* Threadster.app */,
			);
			name = Products;
			sourceTree = "<group>";
		};
		E0CCDCCB2AF6DFA500203109 /* Threadster */ = {
			isa = PBXGroup;
			children = (
				E0CCDCD02AF6DFA600203109 /* Assets.xcassets */,
				E0CCDCDF2AF6E06200203109 /* App */,
				E0CCDCDE2AF6E05E00203109 /* Core */,
				E0CCDCDD2AF6E05B00203109 /* Extensions */,
				E0CCDCDC2AF6E05800203109 /* Model */,
				E0CCDCD22AF6DFA600203109 /* Preview Content */,
				E0CCDCDB2AF6E05400203109 /* Services */,
				E0CCDCDA2AF6E04C00203109 /* Utils */,
			);
			path = Threadster;
			sourceTree = "<group>";
		};
		E0CCDCD22AF6DFA600203109 /* Preview Content */ = {
			isa = PBXGroup;
			children = (
				E0CCDCD32AF6DFA600203109 /* Preview Assets.xcassets */,
			);
			path = "Preview Content";
			sourceTree = "<group>";
		};
		E0CCDCDA2AF6E04C00203109 /* Utils */ = {
			isa = PBXGroup;
			children = (
				E06CFB3E2AFC441600938E4F /* GoogleService-Info.plist */,
				E0CCDCEF2AF6E57500203109 /* ViewModifiers */,
			);
			path = Utils;
			sourceTree = "<group>";
		};
		E0CCDCDB2AF6E05400203109 /* Services */ = {
			isa = PBXGroup;
			children = (
				E000DB5A2AFEE089005EE1A4 /* UserService.swift */,
				E0CBAAC42B09113500F1CE84 /* ImageUploader.swift */,
			);
			path = Services;
			sourceTree = "<group>";
		};
		E0CCDCDC2AF6E05800203109 /* Model */ = {
			isa = PBXGroup;
			children = (
				E000DB582AFEDD9F005EE1A4 /* User.swift */,
			);
			path = Model;
			sourceTree = "<group>";
		};
		E0CCDCDD2AF6E05B00203109 /* Extensions */ = {
			isa = PBXGroup;
			children = (
				E000DB802B013282005EE1A4 /* PreviewProvider.swift */,
			);
			path = Extensions;
			sourceTree = "<group>";
		};
		E0CCDCDE2AF6E05E00203109 /* Core */ = {
			isa = PBXGroup;
			children = (
				E0CCDD032AF845A100203109 /* Activity */,
				E0CCDCE02AF6E11000203109 /* Authentication */,
				E0CCDD0D2AF9123400203109 /* Components */,
				E0CCDCFB2AF8456000203109 /* Explore */,
				E0CCDCF72AF843CD00203109 /* Feed */,
				E0CCDD072AF8468200203109 /* Profile */,
				E0CCDCE12AF6E12100203109 /* Root */,
				E0CCDCF42AF8419A00203109 /* TabBar */,
				E0CCDCFF2AF8457B00203109 /* UploadThread */,
			);
			path = Core;
			sourceTree = "<group>";
		};
		E0CCDCDF2AF6E06200203109 /* App */ = {
			isa = PBXGroup;
			children = (
				E0CCDCCC2AF6DFA500203109 /* ThreadsterApp.swift */,
			);
			path = App;
			sourceTree = "<group>";
		};
		E0CCDCE02AF6E11000203109 /* Authentication */ = {
			isa = PBXGroup;
			children = (
				E06CFB4A2AFC517600938E4F /* Service */,
				E06CFB492AFC517000938E4F /* ViewModels */,
				E0CCDCEA2AF6E2BB00203109 /* Views */,
			);
			path = Authentication;
			sourceTree = "<group>";
		};
		E0CCDCE12AF6E12100203109 /* Root */ = {
			isa = PBXGroup;
			children = (
				E000DB522AFECB1C005EE1A4 /* View */,
				E000DB532AFECB20005EE1A4 /* ViewModel */,
			);
			path = Root;
			sourceTree = "<group>";
		};
		E0CCDCEA2AF6E2BB00203109 /* Views */ = {
			isa = PBXGroup;
			children = (
				E0CCDCEB2AF6E2C700203109 /* LoginView.swift */,
				E0CCDCED2AF6E3DD00203109 /* RegistrationView.swift */,
			);
			path = Views;
			sourceTree = "<group>";
		};
		E0CCDCEF2AF6E57500203109 /* ViewModifiers */ = {
			isa = PBXGroup;
			children = (
				E0CCDCF02AF6E5A000203109 /* ThreadsterTextFieldModifier.swift */,
				E0CCDCF22AF6E8BE00203109 /* ThreadsterButtonModifier.swift */,
			);
			path = ViewModifiers;
			sourceTree = "<group>";
		};
		E0CCDCF42AF8419A00203109 /* TabBar */ = {
			isa = PBXGroup;
			children = (
				E0CCDCF52AF841C900203109 /* ThreadsterTabView.swift */,
			);
			path = TabBar;
			sourceTree = "<group>";
		};
		E0CCDCF72AF843CD00203109 /* Feed */ = {
			isa = PBXGroup;
			children = (
				E0CCDCF82AF843D000203109 /* View */,
			);
			path = Feed;
			sourceTree = "<group>";
		};
		E0CCDCF82AF843D000203109 /* View */ = {
			isa = PBXGroup;
			children = (
				E0CCDCF92AF843DC00203109 /* FeedView.swift */,
				E0CCDD0B2AF85C9A00203109 /* ThreadCell.swift */,
			);
			path = View;
			sourceTree = "<group>";
		};
		E0CCDCFB2AF8456000203109 /* Explore */ = {
			isa = PBXGroup;
			children = (
				E0CCDCFC2AF8456600203109 /* View */,
				E000DB7D2B01304A005EE1A4 /* ViewModel */,
			);
			path = Explore;
			sourceTree = "<group>";
		};
		E0CCDCFC2AF8456600203109 /* View */ = {
			isa = PBXGroup;
			children = (
				E0CCDCFD2AF8456E00203109 /* ExploreView.swift */,
			);
			path = View;
			sourceTree = "<group>";
		};
		E0CCDCFF2AF8457B00203109 /* UploadThread */ = {
			isa = PBXGroup;
			children = (
				E0CCDD002AF8458400203109 /* View */,
			);
			path = UploadThread;
			sourceTree = "<group>";
		};
		E0CCDD002AF8458400203109 /* View */ = {
			isa = PBXGroup;
			children = (
				E0CCDD012AF8458F00203109 /* UpdloadThreadView.swift */,
			);
			path = View;
			sourceTree = "<group>";
		};
		E0CCDD032AF845A100203109 /* Activity */ = {
			isa = PBXGroup;
			children = (
				E0CCDD042AF845A500203109 /* View */,
			);
			path = Activity;
			sourceTree = "<group>";
		};
		E0CCDD042AF845A500203109 /* View */ = {
			isa = PBXGroup;
			children = (
				E0CCDD052AF8465400203109 /* ActivityView.swift */,
			);
			path = View;
			sourceTree = "<group>";
		};
		E0CCDD072AF8468200203109 /* Profile */ = {
			isa = PBXGroup;
			children = (
				E030D05A2B0808DF0080442F /* Components */,
				E0EFEFA72B04FC040049B491 /* CurrentUserProfile */,
				E0CCDD122AF91D6000203109 /* EditProfile */,
				E0CCDD162AF93F7100203109 /* Model */,
				E0CCDD082AF8468700203109 /* UserProfile */,
			);
			path = Profile;
			sourceTree = "<group>";
		};
		E0CCDD082AF8468700203109 /* UserProfile */ = {
			isa = PBXGroup;
			children = (
				E0CCDD092AF8468F00203109 /* ProfileView.swift */,
			);
			path = UserProfile;
			sourceTree = "<group>";
		};
		E0CCDD0D2AF9123400203109 /* Components */ = {
			isa = PBXGroup;
			children = (
				E0CCDD0E2AF9124C00203109 /* CircularImageProfileView.swift */,
				E0CCDD102AF9130D00203109 /* UserCellView.swift */,
			);
			path = Components;
			sourceTree = "<group>";
		};
		E0CCDD122AF91D6000203109 /* EditProfile */ = {
			isa = PBXGroup;
			children = (
				E0CCDD132AF91D6A00203109 /* View */,
				E0CBAAC12B090C9B00F1CE84 /* ViewModel */,
			);
			path = EditProfile;
			sourceTree = "<group>";
		};
		E0CCDD132AF91D6A00203109 /* View */ = {
			isa = PBXGroup;
			children = (
				E0CCDD142AF91D7200203109 /* EditProfileView.swift */,
			);
			path = View;
			sourceTree = "<group>";
		};
		E0CCDD162AF93F7100203109 /* Model */ = {
			isa = PBXGroup;
			children = (
				E0CCDD172AF93F8D00203109 /* ProfileThreadFilter.swift */,
			);
			path = Model;
			sourceTree = "<group>";
		};
		E0EFEFA72B04FC040049B491 /* CurrentUserProfile */ = {
			isa = PBXGroup;
			children = (
				E0EFEFA82B04FC460049B491 /* View */,
				E0EFEFAB2B04FCCC0049B491 /* ViewModel */,
			);
			path = CurrentUserProfile;
			sourceTree = "<group>";
		};
		E0EFEFA82B04FC460049B491 /* View */ = {
			isa = PBXGroup;
			children = (
				E0EFEFA92B04FC720049B491 /* CurrentUserProfileView.swift */,
			);
			path = View;
			sourceTree = "<group>";
		};
		E0EFEFAB2B04FCCC0049B491 /* ViewModel */ = {
			isa = PBXGroup;
			children = (
				E000DB5D2AFEE196005EE1A4 /* CurrentUserProfileViewModel.swift */,
			);
			path = ViewModel;
			sourceTree = "<group>";
		};
/* End PBXGroup section */

/* Begin PBXNativeTarget section */
		E0CCDCC82AF6DFA500203109 /* Threadster */ = {
			isa = PBXNativeTarget;
			buildConfigurationList = E0CCDCD72AF6DFA600203109 /* Build configuration list for PBXNativeTarget "Threadster" */;
			buildPhases = (
				E0CCDCC52AF6DFA500203109 /* Sources */,
				E0CCDCC62AF6DFA500203109 /* Frameworks */,
				E0CCDCC72AF6DFA500203109 /* Resources */,
			);
			buildRules = (
			);
			dependencies = (
			);
			name = Threadster;
			packageProductDependencies = (
				E06CFB412AFC44AF00938E4F /* FirebaseAuth */,
				E06CFB432AFC44AF00938E4F /* FirebaseFirestore */,
				E06CFB452AFC44AF00938E4F /* FirebaseFirestoreSwift */,
				E06CFB472AFC44AF00938E4F /* FirebaseStorage */,
			);
			productName = Threadster;
			productReference = E0CCDCC92AF6DFA500203109 /* Threadster.app */;
			productType = "com.apple.product-type.application";
		};
/* End PBXNativeTarget section */

/* Begin PBXProject section */
		E0CCDCC12AF6DFA500203109 /* Project object */ = {
			isa = PBXProject;
			attributes = {
				BuildIndependentTargetsInParallel = 1;
				LastSwiftUpdateCheck = 1430;
				LastUpgradeCheck = 1430;
				TargetAttributes = {
					E0CCDCC82AF6DFA500203109 = {
						CreatedOnToolsVersion = 14.3;
					};
				};
			};
			buildConfigurationList = E0CCDCC42AF6DFA500203109 /* Build configuration list for PBXProject "Threadster" */;
			compatibilityVersion = "Xcode 14.0";
			developmentRegion = en;
			hasScannedForEncodings = 0;
			knownRegions = (
				en,
				Base,
			);
			mainGroup = E0CCDCC02AF6DFA500203109;
			packageReferences = (
				E06CFB402AFC44AF00938E4F /* XCRemoteSwiftPackageReference "firebase-ios-sdk" */,
			);
			productRefGroup = E0CCDCCA2AF6DFA500203109 /* Products */;
			projectDirPath = "";
			projectRoot = "";
			targets = (
				E0CCDCC82AF6DFA500203109 /* Threadster */,
			);
		};
/* End PBXProject section */

/* Begin PBXResourcesBuildPhase section */
		E0CCDCC72AF6DFA500203109 /* Resources */ = {
			isa = PBXResourcesBuildPhase;
			buildActionMask = 2147483647;
			files = (
				E0CCDCD42AF6DFA600203109 /* Preview Assets.xcassets in Resources */,
				E0CCDCD12AF6DFA600203109 /* Assets.xcassets in Resources */,
				E06CFB3F2AFC441600938E4F /* GoogleService-Info.plist in Resources */,
			);
			runOnlyForDeploymentPostprocessing = 0;
		};
/* End PBXResourcesBuildPhase section */

/* Begin PBXSourcesBuildPhase section */
		E0CCDCC52AF6DFA500203109 /* Sources */ = {
			isa = PBXSourcesBuildPhase;
			buildActionMask = 2147483647;
			files = (
				E0CCDD062AF8465400203109 /* ActivityView.swift in Sources */,
				E06CFB4C2AFC518600938E4F /* RegistrationViewModel.swift in Sources */,
				E0CCDCFA2AF843DC00203109 /* FeedView.swift in Sources */,
				E0CCDD152AF91D7200203109 /* EditProfileView.swift in Sources */,
				E000DB552AFECB48005EE1A4 /* ContentViewModel.swift in Sources */,
				E0CCDCFE2AF8456E00203109 /* ExploreView.swift in Sources */,
				E0CBAAC52B09113500F1CE84 /* ImageUploader.swift in Sources */,
				E000DB5E2AFEE196005EE1A4 /* CurrentUserProfileViewModel.swift in Sources */,
				E0CCDCF32AF6E8BE00203109 /* ThreadsterButtonModifier.swift in Sources */,
				E0EFEFAA2B04FC720049B491 /* CurrentUserProfileView.swift in Sources */,
				E000DB5B2AFEE089005EE1A4 /* UserService.swift in Sources */,
				E06CFB4E2AFC523E00938E4F /* AuthService.swift in Sources */,
				E030D05C2B0808EE0080442F /* ProfileHeaderView.swift in Sources */,
				E0CBAAC32B090CC100F1CE84 /* EditProfileViewModel.swift in Sources */,
				E0CCDD0A2AF8468F00203109 /* ProfileView.swift in Sources */,
				E0CCDCF62AF841C900203109 /* ThreadsterTabView.swift in Sources */,
				E000DB592AFEDD9F005EE1A4 /* User.swift in Sources */,
				E0CCDCEC2AF6E2C700203109 /* LoginView.swift in Sources */,
				E0CCDD0F2AF9124C00203109 /* CircularImageProfileView.swift in Sources */,
				E030D05E2B080B9F0080442F /* UserContentListView.swift in Sources */,
				E0CCDCCF2AF6DFA500203109 /* ContentView.swift in Sources */,
				E0CCDD0C2AF85C9A00203109 /* ThreadCell.swift in Sources */,
				E0CCDD182AF93F8D00203109 /* ProfileThreadFilter.swift in Sources */,
				E0CCDCF12AF6E5A000203109 /* ThreadsterTextFieldModifier.swift in Sources */,
				E0CCDCCD2AF6DFA500203109 /* ThreadsterApp.swift in Sources */,
				E0CCDD022AF8458F00203109 /* UpdloadThreadView.swift in Sources */,
				E000DB7F2B01305B005EE1A4 /* ExploreViewModel.swift in Sources */,
				E0CCDD112AF9130D00203109 /* UserCellView.swift in Sources */,
				E0CCDCEE2AF6E3DD00203109 /* RegistrationView.swift in Sources */,
				E000DB572AFED174005EE1A4 /* LoginViewModel.swift in Sources */,
				E000DB812B013282005EE1A4 /* PreviewProvider.swift in Sources */,
			);
			runOnlyForDeploymentPostprocessing = 0;
		};
/* End PBXSourcesBuildPhase section */

/* Begin XCBuildConfiguration section */
		E0CCDCD52AF6DFA600203109 /* Debug */ = {
			isa = XCBuildConfiguration;
			buildSettings = {
				ALWAYS_SEARCH_USER_PATHS = NO;
				CLANG_ANALYZER_NONNULL = YES;
				CLANG_ANALYZER_NUMBER_OBJECT_CONVERSION = YES_AGGRESSIVE;
				CLANG_CXX_LANGUAGE_STANDARD = "gnu++20";
				CLANG_ENABLE_MODULES = YES;
				CLANG_ENABLE_OBJC_ARC = YES;
				CLANG_ENABLE_OBJC_WEAK = YES;
				CLANG_WARN_BLOCK_CAPTURE_AUTORELEASING = YES;
				CLANG_WARN_BOOL_CONVERSION = YES;
				CLANG_WARN_COMMA = YES;
				CLANG_WARN_CONSTANT_CONVERSION = YES;
				CLANG_WARN_DEPRECATED_OBJC_IMPLEMENTATIONS = YES;
				CLANG_WARN_DIRECT_OBJC_ISA_USAGE = YES_ERROR;
				CLANG_WARN_DOCUMENTATION_COMMENTS = YES;
				CLANG_WARN_EMPTY_BODY = YES;
				CLANG_WARN_ENUM_CONVERSION = YES;
				CLANG_WARN_INFINITE_RECURSION = YES;
				CLANG_WARN_INT_CONVERSION = YES;
				CLANG_WARN_NON_LITERAL_NULL_CONVERSION = YES;
				CLANG_WARN_OBJC_IMPLICIT_RETAIN_SELF = YES;
				CLANG_WARN_OBJC_LITERAL_CONVERSION = YES;
				CLANG_WARN_OBJC_ROOT_CLASS = YES_ERROR;
				CLANG_WARN_QUOTED_INCLUDE_IN_FRAMEWORK_HEADER = YES;
				CLANG_WARN_RANGE_LOOP_ANALYSIS = YES;
				CLANG_WARN_STRICT_PROTOTYPES = YES;
				CLANG_WARN_SUSPICIOUS_MOVE = YES;
				CLANG_WARN_UNGUARDED_AVAILABILITY = YES_AGGRESSIVE;
				CLANG_WARN_UNREACHABLE_CODE = YES;
				CLANG_WARN__DUPLICATE_METHOD_MATCH = YES;
				COPY_PHASE_STRIP = NO;
				DEBUG_INFORMATION_FORMAT = dwarf;
				ENABLE_STRICT_OBJC_MSGSEND = YES;
				ENABLE_TESTABILITY = YES;
				GCC_C_LANGUAGE_STANDARD = gnu11;
				GCC_DYNAMIC_NO_PIC = NO;
				GCC_NO_COMMON_BLOCKS = YES;
				GCC_OPTIMIZATION_LEVEL = 0;
				GCC_PREPROCESSOR_DEFINITIONS = (
					"DEBUG=1",
					"$(inherited)",
				);
				GCC_WARN_64_TO_32_BIT_CONVERSION = YES;
				GCC_WARN_ABOUT_RETURN_TYPE = YES_ERROR;
				GCC_WARN_UNDECLARED_SELECTOR = YES;
				GCC_WARN_UNINITIALIZED_AUTOS = YES_AGGRESSIVE;
				GCC_WARN_UNUSED_FUNCTION = YES;
				GCC_WARN_UNUSED_VARIABLE = YES;
				IPHONEOS_DEPLOYMENT_TARGET = 16.4;
				MTL_ENABLE_DEBUG_INFO = INCLUDE_SOURCE;
				MTL_FAST_MATH = YES;
				ONLY_ACTIVE_ARCH = YES;
				SDKROOT = iphoneos;
				SWIFT_ACTIVE_COMPILATION_CONDITIONS = DEBUG;
				SWIFT_OPTIMIZATION_LEVEL = "-Onone";
			};
			name = Debug;
		};
		E0CCDCD62AF6DFA600203109 /* Release */ = {
			isa = XCBuildConfiguration;
			buildSettings = {
				ALWAYS_SEARCH_USER_PATHS = NO;
				CLANG_ANALYZER_NONNULL = YES;
				CLANG_ANALYZER_NUMBER_OBJECT_CONVERSION = YES_AGGRESSIVE;
				CLANG_CXX_LANGUAGE_STANDARD = "gnu++20";
				CLANG_ENABLE_MODULES = YES;
				CLANG_ENABLE_OBJC_ARC = YES;
				CLANG_ENABLE_OBJC_WEAK = YES;
				CLANG_WARN_BLOCK_CAPTURE_AUTORELEASING = YES;
				CLANG_WARN_BOOL_CONVERSION = YES;
				CLANG_WARN_COMMA = YES;
				CLANG_WARN_CONSTANT_CONVERSION = YES;
				CLANG_WARN_DEPRECATED_OBJC_IMPLEMENTATIONS = YES;
				CLANG_WARN_DIRECT_OBJC_ISA_USAGE = YES_ERROR;
				CLANG_WARN_DOCUMENTATION_COMMENTS = YES;
				CLANG_WARN_EMPTY_BODY = YES;
				CLANG_WARN_ENUM_CONVERSION = YES;
				CLANG_WARN_INFINITE_RECURSION = YES;
				CLANG_WARN_INT_CONVERSION = YES;
				CLANG_WARN_NON_LITERAL_NULL_CONVERSION = YES;
				CLANG_WARN_OBJC_IMPLICIT_RETAIN_SELF = YES;
				CLANG_WARN_OBJC_LITERAL_CONVERSION = YES;
				CLANG_WARN_OBJC_ROOT_CLASS = YES_ERROR;
				CLANG_WARN_QUOTED_INCLUDE_IN_FRAMEWORK_HEADER = YES;
				CLANG_WARN_RANGE_LOOP_ANALYSIS = YES;
				CLANG_WARN_STRICT_PROTOTYPES = YES;
				CLANG_WARN_SUSPICIOUS_MOVE = YES;
				CLANG_WARN_UNGUARDED_AVAILABILITY = YES_AGGRESSIVE;
				CLANG_WARN_UNREACHABLE_CODE = YES;
				CLANG_WARN__DUPLICATE_METHOD_MATCH = YES;
				COPY_PHASE_STRIP = NO;
				DEBUG_INFORMATION_FORMAT = "dwarf-with-dsym";
				ENABLE_NS_ASSERTIONS = NO;
				ENABLE_STRICT_OBJC_MSGSEND = YES;
				GCC_C_LANGUAGE_STANDARD = gnu11;
				GCC_NO_COMMON_BLOCKS = YES;
				GCC_WARN_64_TO_32_BIT_CONVERSION = YES;
				GCC_WARN_ABOUT_RETURN_TYPE = YES_ERROR;
				GCC_WARN_UNDECLARED_SELECTOR = YES;
				GCC_WARN_UNINITIALIZED_AUTOS = YES_AGGRESSIVE;
				GCC_WARN_UNUSED_FUNCTION = YES;
				GCC_WARN_UNUSED_VARIABLE = YES;
				IPHONEOS_DEPLOYMENT_TARGET = 16.4;
				MTL_ENABLE_DEBUG_INFO = NO;
				MTL_FAST_MATH = YES;
				SDKROOT = iphoneos;
				SWIFT_COMPILATION_MODE = wholemodule;
				SWIFT_OPTIMIZATION_LEVEL = "-O";
				VALIDATE_PRODUCT = YES;
			};
			name = Release;
		};
		E0CCDCD82AF6DFA600203109 /* Debug */ = {
			isa = XCBuildConfiguration;
			buildSettings = {
				ASSETCATALOG_COMPILER_APPICON_NAME = AppIcon;
				ASSETCATALOG_COMPILER_GLOBAL_ACCENT_COLOR_NAME = AccentColor;
				CODE_SIGN_STYLE = Automatic;
				CURRENT_PROJECT_VERSION = 1;
				DEVELOPMENT_ASSET_PATHS = "\"Threadster/Preview Content\"";
				DEVELOPMENT_TEAM = 4Y6FH4D2V4;
				ENABLE_PREVIEWS = YES;
				GENERATE_INFOPLIST_FILE = YES;
				INFOPLIST_KEY_UIApplicationSceneManifest_Generation = YES;
				INFOPLIST_KEY_UIApplicationSupportsIndirectInputEvents = YES;
				INFOPLIST_KEY_UILaunchScreen_Generation = YES;
				INFOPLIST_KEY_UISupportedInterfaceOrientations_iPad = "UIInterfaceOrientationPortrait UIInterfaceOrientationPortraitUpsideDown UIInterfaceOrientationLandscapeLeft UIInterfaceOrientationLandscapeRight";
				INFOPLIST_KEY_UISupportedInterfaceOrientations_iPhone = "UIInterfaceOrientationPortrait UIInterfaceOrientationLandscapeLeft UIInterfaceOrientationLandscapeRight";
				LD_RUNPATH_SEARCH_PATHS = (
					"$(inherited)",
					"@executable_path/Frameworks",
				);
				MARKETING_VERSION = 1.0;
				PRODUCT_BUNDLE_IDENTIFIER = com.sweeney.Threadster;
				PRODUCT_NAME = "$(TARGET_NAME)";
				SWIFT_EMIT_LOC_STRINGS = YES;
				SWIFT_VERSION = 5.0;
				TARGETED_DEVICE_FAMILY = "1,2";
			};
			name = Debug;
		};
		E0CCDCD92AF6DFA600203109 /* Release */ = {
			isa = XCBuildConfiguration;
			buildSettings = {
				ASSETCATALOG_COMPILER_APPICON_NAME = AppIcon;
				ASSETCATALOG_COMPILER_GLOBAL_ACCENT_COLOR_NAME = AccentColor;
				CODE_SIGN_STYLE = Automatic;
				CURRENT_PROJECT_VERSION = 1;
				DEVELOPMENT_ASSET_PATHS = "\"Threadster/Preview Content\"";
				DEVELOPMENT_TEAM = 4Y6FH4D2V4;
				ENABLE_PREVIEWS = YES;
				GENERATE_INFOPLIST_FILE = YES;
				INFOPLIST_KEY_UIApplicationSceneManifest_Generation = YES;
				INFOPLIST_KEY_UIApplicationSupportsIndirectInputEvents = YES;
				INFOPLIST_KEY_UILaunchScreen_Generation = YES;
				INFOPLIST_KEY_UISupportedInterfaceOrientations_iPad = "UIInterfaceOrientationPortrait UIInterfaceOrientationPortraitUpsideDown UIInterfaceOrientationLandscapeLeft UIInterfaceOrientationLandscapeRight";
				INFOPLIST_KEY_UISupportedInterfaceOrientations_iPhone = "UIInterfaceOrientationPortrait UIInterfaceOrientationLandscapeLeft UIInterfaceOrientationLandscapeRight";
				LD_RUNPATH_SEARCH_PATHS = (
					"$(inherited)",
					"@executable_path/Frameworks",
				);
				MARKETING_VERSION = 1.0;
				PRODUCT_BUNDLE_IDENTIFIER = com.sweeney.Threadster;
				PRODUCT_NAME = "$(TARGET_NAME)";
				SWIFT_EMIT_LOC_STRINGS = YES;
				SWIFT_VERSION = 5.0;
				TARGETED_DEVICE_FAMILY = "1,2";
			};
			name = Release;
		};
/* End XCBuildConfiguration section */

/* Begin XCConfigurationList section */
		E0CCDCC42AF6DFA500203109 /* Build configuration list for PBXProject "Threadster" */ = {
			isa = XCConfigurationList;
			buildConfigurations = (
				E0CCDCD52AF6DFA600203109 /* Debug */,
				E0CCDCD62AF6DFA600203109 /* Release */,
			);
			defaultConfigurationIsVisible = 0;
			defaultConfigurationName = Release;
		};
		E0CCDCD72AF6DFA600203109 /* Build configuration list for PBXNativeTarget "Threadster" */ = {
			isa = XCConfigurationList;
			buildConfigurations = (
				E0CCDCD82AF6DFA600203109 /* Debug */,
				E0CCDCD92AF6DFA600203109 /* Release */,
			);
			defaultConfigurationIsVisible = 0;
			defaultConfigurationName = Release;
		};
/* End XCConfigurationList section */

/* Begin XCRemoteSwiftPackageReference section */
		E06CFB402AFC44AF00938E4F /* XCRemoteSwiftPackageReference "firebase-ios-sdk" */ = {
			isa = XCRemoteSwiftPackageReference;
			repositoryURL = "https://github.com/firebase/firebase-ios-sdk";
			requirement = {
				kind = upToNextMajorVersion;
				minimumVersion = 10.0.0;
			};
		};
/* End XCRemoteSwiftPackageReference section */

/* Begin XCSwiftPackageProductDependency section */
		E06CFB412AFC44AF00938E4F /* FirebaseAuth */ = {
			isa = XCSwiftPackageProductDependency;
			package = E06CFB402AFC44AF00938E4F /* XCRemoteSwiftPackageReference "firebase-ios-sdk" */;
			productName = FirebaseAuth;
		};
		E06CFB432AFC44AF00938E4F /* FirebaseFirestore */ = {
			isa = XCSwiftPackageProductDependency;
			package = E06CFB402AFC44AF00938E4F /* XCRemoteSwiftPackageReference "firebase-ios-sdk" */;
			productName = FirebaseFirestore;
		};
		E06CFB452AFC44AF00938E4F /* FirebaseFirestoreSwift */ = {
			isa = XCSwiftPackageProductDependency;
			package = E06CFB402AFC44AF00938E4F /* XCRemoteSwiftPackageReference "firebase-ios-sdk" */;
			productName = FirebaseFirestoreSwift;
		};
		E06CFB472AFC44AF00938E4F /* FirebaseStorage */ = {
			isa = XCSwiftPackageProductDependency;
			package = E06CFB402AFC44AF00938E4F /* XCRemoteSwiftPackageReference "firebase-ios-sdk" */;
			productName = FirebaseStorage;
		};
/* End XCSwiftPackageProductDependency section */
	};
	rootObject = E0CCDCC12AF6DFA500203109 /* Project object */;
}
